
Microsoft Visual Studio Solution File, Format Version 12.00
# Visual Studio Version 17
VisualStudioVersion = 17.3.32929.385
MinimumVisualStudioVersion = 10.0.40219.1
Project("{FAE04EC0-301F-11D3-BF4B-00C04F79EFBC}") = "TartarForms", "TartarForms.csproj", "{3270FBA9-397F-4325-947C-5EFCA9B4E8DB}"
EndProject
Global
	GlobalSection(SolutionConfigurationPlatforms) = preSolution
		Debug|Any CPU = Debug|Any CPU
		Release|Any CPU = Release|Any CPU
	EndGlobalSection
	GlobalSection(ProjectConfigurationPlatforms) = postSolution
		{3270FBA9-397F-4325-947C-5EFCA9B4E8DB}.Debug|Any CPU.ActiveCfg = Debug|Any CPU
		{3270FBA9-397F-4325-947C-5EFCA9B4E8DB}.Debug|Any CPU.Build.0 = Debug|Any CPU
		{3270FBA9-397F-4325-947C-5EFCA9B4E8DB}.Release|Any CPU.ActiveCfg = Release|Any CPU
		{3270FBA9-397F-4325-947C-5EFCA9B4E8DB}.Release|Any CPU.Build.0 = Release|Any CPU
	EndGlobalSection
	GlobalSection(SolutionProperties) = preSolution
		HideSolutionNode = FALSE
	EndGlobalSection
	GlobalSection(ExtensibilityGlobals) = postSolution
		SolutionGuid = {2AF58FB8-23D3-45E4-B517-B5EB10D980A4}
	EndGlobalSection
EndGlobal
